{
  "name": "kg-pulse-regression-issue-bot",
  "version": "0.1.0",
  "lockfileVersion": 3,
  "requires": true,
  "packages": {
    "": {
      "name": "kg-pulse-regression-issue-bot",
      "version": "0.1.0",
      "license": "MIT",
      "bin": {
        "kg-pulse-regress": "src/cli.mjs"
      }
    }
  }
}
